
Microsoft Visual Studio Solution File, Format Version 12.00
# Visual Studio Version 16
VisualStudioVersion = 16.0.31112.23
MinimumVisualStudioVersion = 10.0.40219.1
Project("{9A19103F-16F7-4668-BE54-9A1E7A4F7556}") = "Gym", "Gym.csproj", "{AD15704F-F09A-48A9-BD5D-0F502221BD64}"
EndProject
Project("{FAE04EC0-301F-11D3-BF4B-00C04F79EFBC}") = "GymModels", "..\GymModels\GymModels.csproj", "{1E68D1DF-4142-4556-BEAB-A512AAD999C2}"
EndProject
Global
	GlobalSection(SolutionConfigurationPlatforms) = preSolution
		Debug|Any CPU = Debug|Any CPU
		Release|Any CPU = Release|Any CPU
	EndGlobalSection
	GlobalSection(ProjectConfigurationPlatforms) = postSolution
		{AD15704F-F09A-48A9-BD5D-0F502221BD64}.Debug|Any CPU.ActiveCfg = Debug|Any CPU
		{AD15704F-F09A-48A9-BD5D-0F502221BD64}.Debug|Any CPU.Build.0 = Debug|Any CPU
		{AD15704F-F09A-48A9-BD5D-0F502221BD64}.Release|Any CPU.ActiveCfg = Release|Any CPU
		{AD15704F-F09A-48A9-BD5D-0F502221BD64}.Release|Any CPU.Build.0 = Release|Any CPU
		{1E68D1DF-4142-4556-BEAB-A512AAD999C2}.Debug|Any CPU.ActiveCfg = Debug|Any CPU
		{1E68D1DF-4142-4556-BEAB-A512AAD999C2}.Debug|Any CPU.Build.0 = Debug|Any CPU
		{1E68D1DF-4142-4556-BEAB-A512AAD999C2}.Release|Any CPU.ActiveCfg = Release|Any CPU
		{1E68D1DF-4142-4556-BEAB-A512AAD999C2}.Release|Any CPU.Build.0 = Release|Any CPU
	EndGlobalSection
	GlobalSection(SolutionProperties) = preSolution
		HideSolutionNode = FALSE
	EndGlobalSection
	GlobalSection(ExtensibilityGlobals) = postSolution
		SolutionGuid = {6070D984-9C00-425D-BABB-82DC73C707A7}
	EndGlobalSection
EndGlobal
